
Microsoft Visual Studio Solution File, Format Version 12.00
# Visual Studio Version 17
VisualStudioVersion = 17.1.32328.378
MinimumVisualStudioVersion = 10.0.40219.1
Project("{FAE04EC0-301F-11D3-BF4B-00C04F79EFBC}") = "Szenzorhalozat", "Szenzorhalozat\Szenzorhalozat.csproj", "{B6AD1194-217B-4843-9EBB-463C53040C27}"
EndProject
Global
	GlobalSection(SolutionConfigurationPlatforms) = preSolution
		Debug|Any CPU = Debug|Any CPU
		Release|Any CPU = Release|Any CPU
	EndGlobalSection
	GlobalSection(ProjectConfigurationPlatforms) = postSolution
		{B6AD1194-217B-4843-9EBB-463C53040C27}.Debug|Any CPU.ActiveCfg = Debug|Any CPU
		{B6AD1194-217B-4843-9EBB-463C53040C27}.Debug|Any CPU.Build.0 = Debug|Any CPU
		{B6AD1194-217B-4843-9EBB-463C53040C27}.Release|Any CPU.ActiveCfg = Release|Any CPU
		{B6AD1194-217B-4843-9EBB-463C53040C27}.Release|Any CPU.Build.0 = Release|Any CPU
	EndGlobalSection
	GlobalSection(SolutionProperties) = preSolution
		HideSolutionNode = FALSE
	EndGlobalSection
	GlobalSection(ExtensibilityGlobals) = postSolution
		SolutionGuid = {B638B1F4-F599-4F61-A70A-71DDF6A3A7E3}
	EndGlobalSection
EndGlobal
